Microsoft Visual Studio Solution File, Format Version 12.00
# Visual Studio Version 16
VisualStudioVersion = 16.0.31229.75
MinimumVisualStudioVersion = 15.0.26124.0
Project("{2150E333-8FDC-42A3-9474-1A3956D46DE8}") = "src", "src", "{8784B7B1-BCB5-4244-A8F3-4673C48BFFF3}"
EndProject
Project("{9A19103F-16F7-4668-BE54-9A1E7A4F7556}") = "Zammad.Client", "src\Zammad.Client\Zammad.Client.csproj", "{640CD5CB-94E8-46E0-A5F4-618D29E6F5F3}"
EndProject
Project("{2150E333-8FDC-42A3-9474-1A3956D46DE8}") = "test", "test", "{F55A4A90-BA88-47E0-9F5A-BE291AB50000}"
EndProject
Project("{9A19103F-16F7-4668-BE54-9A1E7A4F7556}") = "Zammad.Client.Tests", "test\Zammad.Client.Tests\Zammad.Client.Tests.csproj", "{5D50220E-F5B7-41ED-9A6E-CC77DDA27EB0}"
EndProject
Project("{2150E333-8FDC-42A3-9474-1A3956D46DE8}") = "root", "root", "{4550DA0B-BF31-44B1-A4C2-0D0D88CD3806}"
	ProjectSection(SolutionItems) = preProject
		.editorconfig = .editorconfig
		LICENSE = LICENSE
		README.md = README.md
	EndProjectSection
EndProject
Project("{2150E333-8FDC-42A3-9474-1A3956D46DE8}") = "samples", "samples", "{2FCC9B8E-D144-4E84-8440-746A3F0C18BA}"
EndProject
Project("{9A19103F-16F7-4668-BE54-9A1E7A4F7556}") = "Zammad.Connector", "samples\Zammad.Connector\Zammad.Connector.csproj", "{6587C74A-9EB9-4165-93B5-51119672300E}"
EndProject
Project("{9A19103F-16F7-4668-BE54-9A1E7A4F7556}") = "Zammad.Client.IntegrationTests", "test\Zammad.Client.IntegrationTests\Zammad.Client.IntegrationTests.csproj", "{1E827B0C-5A48-47B0-81EA-952275BCCA31}"
EndProject
Project("{FAE04EC0-301F-11D3-BF4B-00C04F79EFBC}") = "TestApp", "TestApp\TestApp.csproj", "{5EB0EC8D-5CB4-4082-9401-36F067AD7997}"
EndProject
Global
	GlobalSection(SolutionConfigurationPlatforms) = preSolution
		Debug|Any CPU = Debug|Any CPU
		Debug|x64 = Debug|x64
		Debug|x86 = Debug|x86
		Release|Any CPU = Release|Any CPU
		Release|x64 = Release|x64
		Release|x86 = Release|x86
	EndGlobalSection
	GlobalSection(ProjectConfigurationPlatforms) = postSolution
		{640CD5CB-94E8-46E0-A5F4-618D29E6F5F3}.Debug|Any CPU.ActiveCfg = Debug|Any CPU
		{640CD5CB-94E8-46E0-A5F4-618D29E6F5F3}.Debug|Any CPU.Build.0 = Debug|Any CPU
		{640CD5CB-94E8-46E0-A5F4-618D29E6F5F3}.Debug|x64.ActiveCfg = Debug|Any CPU
		{640CD5CB-94E8-46E0-A5F4-618D29E6F5F3}.Debug|x64.Build.0 = Debug|Any CPU
		{640CD5CB-94E8-46E0-A5F4-618D29E6F5F3}.Debug|x86.ActiveCfg = Debug|Any CPU
		{640CD5CB-94E8-46E0-A5F4-618D29E6F5F3}.Debug|x86.Build.0 = Debug|Any CPU
		{640CD5CB-94E8-46E0-A5F4-618D29E6F5F3}.Release|Any CPU.ActiveCfg = Release|Any CPU
		{640CD5CB-94E8-46E0-A5F4-618D29E6F5F3}.Release|Any CPU.Build.0 = Release|Any CPU
		{640CD5CB-94E8-46E0-A5F4-618D29E6F5F3}.Release|x64.ActiveCfg = Release|Any CPU
		{640CD5CB-94E8-46E0-A5F4-618D29E6F5F3}.Release|x64.Build.0 = Release|Any CPU
		{640CD5CB-94E8-46E0-A5F4-618D29E6F5F3}.Release|x86.ActiveCfg = Release|Any CPU
		{640CD5CB-94E8-46E0-A5F4-618D29E6F5F3}.Release|x86.Build.0 = Release|Any CPU
		{5D50220E-F5B7-41ED-9A6E-CC77DDA27EB0}.Debug|Any CPU.ActiveCfg = Debug|Any CPU
		{5D50220E-F5B7-41ED-9A6E-CC77DDA27EB0}.Debug|Any CPU.Build.0 = Debug|Any CPU
		{5D50220E-F5B7-41ED-9A6E-CC77DDA27EB0}.Debug|x64.ActiveCfg = Debug|Any CPU
		{5D50220E-F5B7-41ED-9A6E-CC77DDA27EB0}.Debug|x64.Build.0 = Debug|Any CPU
		{5D50220E-F5B7-41ED-9A6E-CC77DDA27EB0}.Debug|x86.ActiveCfg = Debug|Any CPU
		{5D50220E-F5B7-41ED-9A6E-CC77DDA27EB0}.Debug|x86.Build.0 = Debug|Any CPU
		{5D50220E-F5B7-41ED-9A6E-CC77DDA27EB0}.Release|Any CPU.ActiveCfg = Release|Any CPU
		{5D50220E-F5B7-41ED-9A6E-CC77DDA27EB0}.Release|Any CPU.Build.0 = Release|Any CPU
		{5D50220E-F5B7-41ED-9A6E-CC77DDA27EB0}.Release|x64.ActiveCfg = Release|Any CPU
		{5D50220E-F5B7-41ED-9A6E-CC77DDA27EB0}.Release|x64.Build.0 = Release|Any CPU
		{5D50220E-F5B7-41ED-9A6E-CC77DDA27EB0}.Release|x86.ActiveCfg = Release|Any CPU
		{5D50220E-F5B7-41ED-9A6E-CC77DDA27EB0}.Release|x86.Build.0 = Release|Any CPU
		{6587C74A-9EB9-4165-93B5-51119672300E}.Debug|Any CPU.ActiveCfg = Debug|Any CPU
		{6587C74A-9EB9-4165-93B5-51119672300E}.Debug|Any CPU.Build.0 = Debug|Any CPU
		{6587C74A-9EB9-4165-93B5-51119672300E}.Debug|x64.ActiveCfg = Debug|Any CPU
		{6587C74A-9EB9-4165-93B5-51119672300E}.Debug|x64.Build.0 = Debug|Any CPU
		{6587C74A-9EB9-4165-93B5-51119672300E}.Debug|x86.ActiveCfg = Debug|Any CPU
		{6587C74A-9EB9-4165-93B5-51119672300E}.Debug|x86.Build.0 = Debug|Any CPU
		{6587C74A-9EB9-4165-93B5-51119672300E}.Release|Any CPU.ActiveCfg = Release|Any CPU
		{6587C74A-9EB9-4165-93B5-51119672300E}.Release|Any CPU.Build.0 = Release|Any CPU
		{6587C74A-9EB9-4165-93B5-51119672300E}.Release|x64.ActiveCfg = Release|Any CPU
		{6587C74A-9EB9-4165-93B5-51119672300E}.Release|x64.Build.0 = Release|Any CPU
		{6587C74A-9EB9-4165-93B5-51119672300E}.Release|x86.ActiveCfg = Release|Any CPU
		{6587C74A-9EB9-4165-93B5-51119672300E}.Release|x86.Build.0 = Release|Any CPU
		{1E827B0C-5A48-47B0-81EA-952275BCCA31}.Debug|Any CPU.ActiveCfg = Debug|Any CPU
		{1E827B0C-5A48-47B0-81EA-952275BCCA31}.Debug|Any CPU.Build.0 = Debug|Any CPU
		{1E827B0C-5A48-47B0-81EA-952275BCCA31}.Debug|x64.ActiveCfg = Debug|Any CPU
		{1E827B0C-5A48-47B0-81EA-952275BCCA31}.Debug|x64.Build.0 = Debug|Any CPU
		{1E827B0C-5A48-47B0-81EA-952275BCCA31}.Debug|x86.ActiveCfg = Debug|Any CPU
		{1E827B0C-5A48-47B0-81EA-952275BCCA31}.Debug|x86.Build.0 = Debug|Any CPU
		{1E827B0C-5A48-47B0-81EA-952275BCCA31}.Release|Any CPU.ActiveCfg = Release|Any CPU
		{1E827B0C-5A48-47B0-81EA-952275BCCA31}.Release|Any CPU.Build.0 = Release|Any CPU
		{1E827B0C-5A48-47B0-81EA-952275BCCA31}.Release|x64.ActiveCfg = Release|Any CPU
		{1E827B0C-5A48-47B0-81EA-952275BCCA31}.Release|x64.Build.0 = Release|Any CPU
		{1E827B0C-5A48-47B0-81EA-952275BCCA31}.Release|x86.ActiveCfg = Release|Any CPU
		{1E827B0C-5A48-47B0-81EA-952275BCCA31}.Release|x86.Build.0 = Release|Any CPU
		{5EB0EC8D-5CB4-4082-9401-36F067AD7997}.Debug|Any CPU.ActiveCfg = Debug|Any CPU
		{5EB0EC8D-5CB4-4082-9401-36F067AD7997}.Debug|Any CPU.Build.0 = Debug|Any CPU
		{5EB0EC8D-5CB4-4082-9401-36F067AD7997}.Debug|x64.ActiveCfg = Debug|Any CPU
		{5EB0EC8D-5CB4-4082-9401-36F067AD7997}.Debug|x64.Build.0 = Debug|Any CPU
		{5EB0EC8D-5CB4-4082-9401-36F067AD7997}.Debug|x86.ActiveCfg = Debug|Any CPU
		{5EB0EC8D-5CB4-4082-9401-36F067AD7997}.Debug|x86.Build.0 = Debug|Any CPU
		{5EB0EC8D-5CB4-4082-9401-36F067AD7997}.Release|Any CPU.ActiveCfg = Release|Any CPU
		{5EB0EC8D-5CB4-4082-9401-36F067AD7997}.Release|Any CPU.Build.0 = Release|Any CPU
		{5EB0EC8D-5CB4-4082-9401-36F067AD7997}.Release|x64.ActiveCfg = Release|Any CPU
		{5EB0EC8D-5CB4-4082-9401-36F067AD7997}.Release|x64.Build.0 = Release|Any CPU
		{5EB0EC8D-5CB4-4082-9401-36F067AD7997}.Release|x86.ActiveCfg = Release|Any CPU
		{5EB0EC8D-5CB4-4082-9401-36F067AD7997}.Release|x86.Build.0 = Release|Any CPU
	EndGlobalSection
	GlobalSection(SolutionProperties) = preSolution
		HideSolutionNode = FALSE
	EndGlobalSection
	GlobalSection(NestedProjects) = preSolution
		{640CD5CB-94E8-46E0-A5F4-618D29E6F5F3} = {8784B7B1-BCB5-4244-A8F3-4673C48BFFF3}
		{5D50220E-F5B7-41ED-9A6E-CC77DDA27EB0} = {F55A4A90-BA88-47E0-9F5A-BE291AB50000}
		{6587C74A-9EB9-4165-93B5-51119672300E} = {2FCC9B8E-D144-4E84-8440-746A3F0C18BA}
		{1E827B0C-5A48-47B0-81EA-952275BCCA31} = {F55A4A90-BA88-47E0-9F5A-BE291AB50000}
		{5EB0EC8D-5CB4-4082-9401-36F067AD7997} = {F55A4A90-BA88-47E0-9F5A-BE291AB50000}
	EndGlobalSection
	GlobalSection(ExtensibilityGlobals) = postSolution
		SolutionGuid = {D390434B-797E-4D71-9F22-B79EE040E690}
	EndGlobalSection
EndGlobal
